
Microsoft Visual Studio Solution File, Format Version 12.00
# Visual Studio Version 16
VisualStudioVersion = 16.0.31129.286
MinimumVisualStudioVersion = 10.0.40219.1
Project("{FAE04EC0-301F-11D3-BF4B-00C04F79EFBC}") = "PrescriptionFiller.Android", "PrescriptionFiller.Android\PrescriptionFiller.Android.csproj", "{883E8617-6BF0-42EA-8A02-8DFFB662B37E}"
EndProject
Project("{FAE04EC0-301F-11D3-BF4B-00C04F79EFBC}") = "PrescriptionFiller.iOS", "PrescriptionFiller.iOS\PrescriptionFiller.iOS.csproj", "{4109D917-6364-40DC-AAAC-7A708C0E6719}"
EndProject
Project("{FAE04EC0-301F-11D3-BF4B-00C04F79EFBC}") = "PrescriptionFiller", "PrescriptionFiller\PrescriptionFiller.csproj", "{8A353386-99DA-472A-9277-36414AA36A1D}"
EndProject
Global
	GlobalSection(SolutionConfigurationPlatforms) = preSolution
		Debug|Any CPU = Debug|Any CPU
		Debug|iPhone = Debug|iPhone
		Debug|iPhoneSimulator = Debug|iPhoneSimulator
		Release|Any CPU = Release|Any CPU
		Release|iPhone = Release|iPhone
		Release|iPhoneSimulator = Release|iPhoneSimulator
	EndGlobalSection
	GlobalSection(ProjectConfigurationPlatforms) = postSolution
		{883E8617-6BF0-42EA-8A02-8DFFB662B37E}.Debug|Any CPU.ActiveCfg = Debug|Any CPU
		{883E8617-6BF0-42EA-8A02-8DFFB662B37E}.Debug|Any CPU.Build.0 = Debug|Any CPU
		{883E8617-6BF0-42EA-8A02-8DFFB662B37E}.Debug|Any CPU.Deploy.0 = Debug|Any CPU
		{883E8617-6BF0-42EA-8A02-8DFFB662B37E}.Debug|iPhone.ActiveCfg = Debug|Any CPU
		{883E8617-6BF0-42EA-8A02-8DFFB662B37E}.Debug|iPhone.Build.0 = Debug|Any CPU
		{883E8617-6BF0-42EA-8A02-8DFFB662B37E}.Debug|iPhone.Deploy.0 = Debug|Any CPU
		{883E8617-6BF0-42EA-8A02-8DFFB662B37E}.Debug|iPhoneSimulator.ActiveCfg = Debug|Any CPU
		{883E8617-6BF0-42EA-8A02-8DFFB662B37E}.Debug|iPhoneSimulator.Build.0 = Debug|Any CPU
		{883E8617-6BF0-42EA-8A02-8DFFB662B37E}.Debug|iPhoneSimulator.Deploy.0 = Debug|Any CPU
		{883E8617-6BF0-42EA-8A02-8DFFB662B37E}.Release|Any CPU.ActiveCfg = Release|Any CPU
		{883E8617-6BF0-42EA-8A02-8DFFB662B37E}.Release|Any CPU.Build.0 = Release|Any CPU
		{883E8617-6BF0-42EA-8A02-8DFFB662B37E}.Release|Any CPU.Deploy.0 = Release|Any CPU
		{883E8617-6BF0-42EA-8A02-8DFFB662B37E}.Release|iPhone.ActiveCfg = Release|Any CPU
		{883E8617-6BF0-42EA-8A02-8DFFB662B37E}.Release|iPhone.Build.0 = Release|Any CPU
		{883E8617-6BF0-42EA-8A02-8DFFB662B37E}.Release|iPhone.Deploy.0 = Release|Any CPU
		{883E8617-6BF0-42EA-8A02-8DFFB662B37E}.Release|iPhoneSimulator.ActiveCfg = Release|Any CPU
		{883E8617-6BF0-42EA-8A02-8DFFB662B37E}.Release|iPhoneSimulator.Build.0 = Release|Any CPU
		{883E8617-6BF0-42EA-8A02-8DFFB662B37E}.Release|iPhoneSimulator.Deploy.0 = Release|Any CPU
		{4109D917-6364-40DC-AAAC-7A708C0E6719}.Debug|Any CPU.ActiveCfg = Debug|iPhone
		{4109D917-6364-40DC-AAAC-7A708C0E6719}.Debug|Any CPU.Build.0 = Debug|iPhone
		{4109D917-6364-40DC-AAAC-7A708C0E6719}.Debug|Any CPU.Deploy.0 = Debug|iPhone
		{4109D917-6364-40DC-AAAC-7A708C0E6719}.Debug|iPhone.ActiveCfg = Debug|iPhone
		{4109D917-6364-40DC-AAAC-7A708C0E6719}.Debug|iPhone.Build.0 = Debug|iPhone
		{4109D917-6364-40DC-AAAC-7A708C0E6719}.Debug|iPhone.Deploy.0 = Debug|iPhone
		{4109D917-6364-40DC-AAAC-7A708C0E6719}.Debug|iPhoneSimulator.ActiveCfg = Debug|iPhoneSimulator
		{4109D917-6364-40DC-AAAC-7A708C0E6719}.Debug|iPhoneSimulator.Build.0 = Debug|iPhoneSimulator
		{4109D917-6364-40DC-AAAC-7A708C0E6719}.Debug|iPhoneSimulator.Deploy.0 = Debug|iPhoneSimulator
		{4109D917-6364-40DC-AAAC-7A708C0E6719}.Release|Any CPU.ActiveCfg = Release|iPhoneSimulator
		{4109D917-6364-40DC-AAAC-7A708C0E6719}.Release|Any CPU.Build.0 = Release|iPhoneSimulator
		{4109D917-6364-40DC-AAAC-7A708C0E6719}.Release|Any CPU.Deploy.0 = Release|iPhoneSimulator
		{4109D917-6364-40DC-AAAC-7A708C0E6719}.Release|iPhone.ActiveCfg = Release|iPhone
		{4109D917-6364-40DC-AAAC-7A708C0E6719}.Release|iPhone.Build.0 = Release|iPhone
		{4109D917-6364-40DC-AAAC-7A708C0E6719}.Release|iPhone.Deploy.0 = Release|iPhone
		{4109D917-6364-40DC-AAAC-7A708C0E6719}.Release|iPhoneSimulator.ActiveCfg = Release|iPhoneSimulator
		{4109D917-6364-40DC-AAAC-7A708C0E6719}.Release|iPhoneSimulator.Build.0 = Release|iPhoneSimulator
		{4109D917-6364-40DC-AAAC-7A708C0E6719}.Release|iPhoneSimulator.Deploy.0 = Release|iPhoneSimulator
		{8A353386-99DA-472A-9277-36414AA36A1D}.Debug|Any CPU.ActiveCfg = Debug|Any CPU
		{8A353386-99DA-472A-9277-36414AA36A1D}.Debug|Any CPU.Build.0 = Debug|Any CPU
		{8A353386-99DA-472A-9277-36414AA36A1D}.Debug|Any CPU.Deploy.0 = Debug|Any CPU
		{8A353386-99DA-472A-9277-36414AA36A1D}.Debug|iPhone.ActiveCfg = Debug|Any CPU
		{8A353386-99DA-472A-9277-36414AA36A1D}.Debug|iPhone.Build.0 = Debug|Any CPU
		{8A353386-99DA-472A-9277-36414AA36A1D}.Debug|iPhone.Deploy.0 = Debug|Any CPU
		{8A353386-99DA-472A-9277-36414AA36A1D}.Debug|iPhoneSimulator.ActiveCfg = Debug|Any CPU
		{8A353386-99DA-472A-9277-36414AA36A1D}.Debug|iPhoneSimulator.Build.0 = Debug|Any CPU
		{8A353386-99DA-472A-9277-36414AA36A1D}.Debug|iPhoneSimulator.Deploy.0 = Debug|Any CPU
		{8A353386-99DA-472A-9277-36414AA36A1D}.Release|Any CPU.ActiveCfg = Release|Any CPU
		{8A353386-99DA-472A-9277-36414AA36A1D}.Release|Any CPU.Build.0 = Release|Any CPU
		{8A353386-99DA-472A-9277-36414AA36A1D}.Release|Any CPU.Deploy.0 = Release|Any CPU
		{8A353386-99DA-472A-9277-36414AA36A1D}.Release|iPhone.ActiveCfg = Release|Any CPU
		{8A353386-99DA-472A-9277-36414AA36A1D}.Release|iPhone.Build.0 = Release|Any CPU
		{8A353386-99DA-472A-9277-36414AA36A1D}.Release|iPhone.Deploy.0 = Release|Any CPU
		{8A353386-99DA-472A-9277-36414AA36A1D}.Release|iPhoneSimulator.ActiveCfg = Release|Any CPU
		{8A353386-99DA-472A-9277-36414AA36A1D}.Release|iPhoneSimulator.Build.0 = Release|Any CPU
		{8A353386-99DA-472A-9277-36414AA36A1D}.Release|iPhoneSimulator.Deploy.0 = Release|Any CPU
	EndGlobalSection
	GlobalSection(SolutionProperties) = preSolution
		HideSolutionNode = FALSE
	EndGlobalSection
	GlobalSection(ExtensibilityGlobals) = postSolution
		SolutionGuid = {5E7B634A-A27D-4F44-9B14-970549E6AA00}
	EndGlobalSection
EndGlobal
